// !$*UTF8*$!
{
	archiveVersion = 1;
	classes = {
	};
	objectVersion = 46;
	objects = {

/* Begin PBXBuildFile section */
		782F7F371925FA4300C6B11A /* libiOSKeychainItemWrapper.a in Frameworks */ = {isa = PBXBuildFile; fileRef = 782F7F271925FA3300C6B11A /* libiOSKeychainItemWrapper.a */; };
		78C8F8071907E02C00B78ABB /* libMUUploadManager.a in Frameworks */ = {isa = PBXBuildFile; fileRef = 78C8F8011907DFF900B78ABB /* libMUUploadManager.a */; };
		7E26869818FE9B7800033905 /* libMUFlurryWrapper.a in Frameworks */ = {isa = PBXBuildFile; fileRef = 7E26869118FE9B7100033905 /* libMUFlurryWrapper.a */; };
		7E46305218FE768D009E0F7F /* libiOSReachabilityFramework.a in Frameworks */ = {isa = PBXBuildFile; fileRef = 7EAC347218FE74BE007D540D /* libiOSReachabilityFramework.a */; };
		7E62FBE718FEA06100D88F70 /* libMUCrashlyticsWrapper.a in Frameworks */ = {isa = PBXBuildFile; fileRef = 7E26868F18FE9B7100033905 /* libMUCrashlyticsWrapper.a */; };
		7E7071F31918E55F00C6AEEB /* libMUMigrationTool.a in Frameworks */ = {isa = PBXBuildFile; fileRef = 7E7071E01918E54A00C6AEEB /* libMUMigrationTool.a */; };
		7EAC343418FE748B007D540D /* Foundation.framework in Frameworks */ = {isa = PBXBuildFile; fileRef = 7EAC343318FE748B007D540D /* Foundation.framework */; };
		7EAC343918FE748B007D540D /* MUAllUploaderLibs.h in CopyFiles */ = {isa = PBXBuildFile; fileRef = 7EAC343818FE748B007D540D /* MUAllUploaderLibs.h */; };
		7EAC343B18FE748B007D540D /* MUAllUploaderLibs.m in Sources */ = {isa = PBXBuildFile; fileRef = 7EAC343A18FE748B007D540D /* MUAllUploaderLibs.m */; };
		7EDFEB1018FEBFD200055891 /* libSCInstanceStorage.a in Frameworks */ = {isa = PBXBuildFile; fileRef = 7EAC346A18FE74B9007D540D /* libSCInstanceStorage.a */; };
		7EE3AAEE18FE989500C68E85 /* libMUAnalyticsTracker.a in Frameworks */ = {isa = PBXBuildFile; fileRef = 7E41A0D918FE986000D601EF /* libMUAnalyticsTracker.a */; };
		7EFE975B18FECD7200FEB394 /* libMUGoogleAnalyticsWrapper.a in Frameworks */ = {isa = PBXBuildFile; fileRef = 7EFE975818FECD7200FEB394 /* libMUGoogleAnalyticsWrapper.a */; };
/* End PBXBuildFile section */

/* Begin PBXContainerItemProxy section */
		782F7F261925FA3300C6B11A /* PBXContainerItemProxy */ = {
			isa = PBXContainerItemProxy;
			containerPortal = 782F7F211925FA3300C6B11A /* iOSKeychainItemWrapper.xcodeproj */;
			proxyType = 2;
			remoteGlobalIDString = 78B014631924EE5500920310;
			remoteInfo = iOSKeychainItemWrapper;
		};
		782F7F281925FA3300C6B11A /* PBXContainerItemProxy */ = {
			isa = PBXContainerItemProxy;
			containerPortal = 782F7F211925FA3300C6B11A /* iOSKeychainItemWrapper.xcodeproj */;
			proxyType = 2;
			remoteGlobalIDString = 78B014731924EE5500920310;
			remoteInfo = iOSKeychainItemWrapperTests;
		};
		782F7F2F1925FA3300C6B11A /* PBXContainerItemProxy */ = {
			isa = PBXContainerItemProxy;
			containerPortal = 7E7071D81918E54A00C6AEEB /* MUMigrationTool.xcodeproj */;
			proxyType = 2;
			remoteGlobalIDString = 7E7071FA19190D8800C6AEEB;
			remoteInfo = LegacyDocumentsDir;
		};
		782F7F311925FA3300C6B11A /* PBXContainerItemProxy */ = {
			isa = PBXContainerItemProxy;
			containerPortal = 7E7071D81918E54A00C6AEEB /* MUMigrationTool.xcodeproj */;
			proxyType = 2;
			remoteGlobalIDString = 7E70721319190DD000C6AEEB;
			remoteInfo = V1DocumentsDir;
		};
		782F7F351925FA3F00C6B11A /* PBXContainerItemProxy */ = {
			isa = PBXContainerItemProxy;
			containerPortal = 782F7F211925FA3300C6B11A /* iOSKeychainItemWrapper.xcodeproj */;
			proxyType = 1;
			remoteGlobalIDString = 78B014621924EE5500920310;
			remoteInfo = iOSKeychainItemWrapper;
		};
		78C8F8001907DFF900B78ABB /* PBXContainerItemProxy */ = {
			isa = PBXContainerItemProxy;
			containerPortal = 78C8F7F91907DFF800B78ABB /* MUUploadManager.xcodeproj */;
			proxyType = 2;
			remoteGlobalIDString = 78C8F7D01907DFDA00B78ABB;
			remoteInfo = MUUploadManager;
		};
		78C8F8021907DFF900B78ABB /* PBXContainerItemProxy */ = {
			isa = PBXContainerItemProxy;
			containerPortal = 78C8F7F91907DFF800B78ABB /* MUUploadManager.xcodeproj */;
			proxyType = 2;
			remoteGlobalIDString = 78C8F7E01907DFDA00B78ABB;
			remoteInfo = MUUploadManagerTests;
		};
		78C8F8051907E01F00B78ABB /* PBXContainerItemProxy */ = {
			isa = PBXContainerItemProxy;
			containerPortal = 78C8F7F91907DFF800B78ABB /* MUUploadManager.xcodeproj */;
			proxyType = 1;
			remoteGlobalIDString = 78C8F7CF1907DFDA00B78ABB;
			remoteInfo = MUUploadManager;
		};
		7E26868518FE9B7100033905 /* PBXContainerItemProxy */ = {
			isa = PBXContainerItemProxy;
			containerPortal = 7E41A0D318FE986000D601EF /* MUAnalyticsTracker.xcodeproj */;
			proxyType = 1;
			remoteGlobalIDString = 7E26863A18FE99EF00033905;
			remoteInfo = MUCrashlyticsWrapper;
		};
		7E26868718FE9B7100033905 /* PBXContainerItemProxy */ = {
			isa = PBXContainerItemProxy;
			containerPortal = 7E41A0D318FE986000D601EF /* MUAnalyticsTracker.xcodeproj */;
			proxyType = 1;
			remoteGlobalIDString = 7E26866118FE9A8300033905;
			remoteInfo = MUFlurryWrapper;
		};
		7E26868E18FE9B7100033905 /* PBXContainerItemProxy */ = {
			isa = PBXContainerItemProxy;
			containerPortal = 7E41A0D318FE986000D601EF /* MUAnalyticsTracker.xcodeproj */;
			proxyType = 2;
			remoteGlobalIDString = 7E26863B18FE99EF00033905;
			remoteInfo = MUCrashlyticsWrapper;
		};
		7E26869018FE9B7100033905 /* PBXContainerItemProxy */ = {
			isa = PBXContainerItemProxy;
			containerPortal = 7E41A0D318FE986000D601EF /* MUAnalyticsTracker.xcodeproj */;
			proxyType = 2;
			remoteGlobalIDString = 7E26866218FE9A8300033905;
			remoteInfo = MUFlurryWrapper;
		};
		7E41A0D818FE986000D601EF /* PBXContainerItemProxy */ = {
			isa = PBXContainerItemProxy;
			containerPortal = 7E41A0D318FE986000D601EF /* MUAnalyticsTracker.xcodeproj */;
			proxyType = 2;
			remoteGlobalIDString = 7E41A0AA18FE97B900D601EF;
			remoteInfo = MUAnalyticsTracker;
		};
		7E41A0DA18FE986000D601EF /* PBXContainerItemProxy */ = {
			isa = PBXContainerItemProxy;
			containerPortal = 7E41A0D318FE986000D601EF /* MUAnalyticsTracker.xcodeproj */;
			proxyType = 2;
			remoteGlobalIDString = 7E41A0BA18FE97B900D601EF;
			remoteInfo = MUAnalyticsTrackerTests;
		};
		7E46304D18FE75F9009E0F7F /* PBXContainerItemProxy */ = {
			isa = PBXContainerItemProxy;
			containerPortal = 7EAC346D18FE74BE007D540D /* iOSReachabilityFramework.xcodeproj */;
			proxyType = 1;
			remoteGlobalIDString = B4E7DA7D1679301500C01DFA;
			remoteInfo = iOSReachabilityFramework;
		};
		7E7071DF1918E54A00C6AEEB /* PBXContainerItemProxy */ = {
			isa = PBXContainerItemProxy;
			containerPortal = 7E7071D81918E54A00C6AEEB /* MUMigrationTool.xcodeproj */;
			proxyType = 2;
			remoteGlobalIDString = 7E7071AC1918E47000C6AEEB;
			remoteInfo = MUMigrationTool;
		};
		7E7071E11918E54A00C6AEEB /* PBXContainerItemProxy */ = {
			isa = PBXContainerItemProxy;
			containerPortal = 7E7071D81918E54A00C6AEEB /* MUMigrationTool.xcodeproj */;
			proxyType = 2;
			remoteGlobalIDString = 7E7071BC1918E47000C6AEEB;
			remoteInfo = MUMigrationToolTests;
		};
		7E7071EB1918E55B00C6AEEB /* PBXContainerItemProxy */ = {
			isa = PBXContainerItemProxy;
			containerPortal = 7E7071D81918E54A00C6AEEB /* MUMigrationTool.xcodeproj */;
			proxyType = 1;
			remoteGlobalIDString = 7E7071AB1918E47000C6AEEB;
			remoteInfo = MUMigrationTool;
		};
		7EAC346918FE74B9007D540D /* PBXContainerItemProxy */ = {
			isa = PBXContainerItemProxy;
			containerPortal = 7EAC346418FE74B9007D540D /* SCInstanceStorage.xcodeproj */;
			proxyType = 2;
			remoteGlobalIDString = 78716C4518F6E8130092AA98;
			remoteInfo = SCInstanceStorage;
		};
		7EAC346B18FE74B9007D540D /* PBXContainerItemProxy */ = {
			isa = PBXContainerItemProxy;
			containerPortal = 7EAC346418FE74B9007D540D /* SCInstanceStorage.xcodeproj */;
			proxyType = 2;
			remoteGlobalIDString = 78716C5518F6E8140092AA98;
			remoteInfo = SCInstanceStorageTests;
		};
		7EAC347118FE74BE007D540D /* PBXContainerItemProxy */ = {
			isa = PBXContainerItemProxy;
			containerPortal = 7EAC346D18FE74BE007D540D /* iOSReachabilityFramework.xcodeproj */;
			proxyType = 2;
			remoteGlobalIDString = B4E7DA7E1679301500C01DFA;
			remoteInfo = iOSReachabilityFramework;
		};
		7EDFEB0918FEBFCE00055891 /* PBXContainerItemProxy */ = {
			isa = PBXContainerItemProxy;
			containerPortal = 7EAC346418FE74B9007D540D /* SCInstanceStorage.xcodeproj */;
			proxyType = 1;
			remoteGlobalIDString = 78716C4418F6E8130092AA98;
			remoteInfo = SCInstanceStorage;
		};
		7EE3AAE818FE989200C68E85 /* PBXContainerItemProxy */ = {
			isa = PBXContainerItemProxy;
			containerPortal = 7E41A0D318FE986000D601EF /* MUAnalyticsTracker.xcodeproj */;
			proxyType = 1;
			remoteGlobalIDString = 7E41A0A918FE97B900D601EF;
			remoteInfo = MUAnalyticsTracker;
		};
		7EFE975718FECD7200FEB394 /* PBXContainerItemProxy */ = {
			isa = PBXContainerItemProxy;
			containerPortal = 7E41A0D318FE986000D601EF /* MUAnalyticsTracker.xcodeproj */;
			proxyType = 2;
			remoteGlobalIDString = 7EFE972118FEC62C00FEB394;
			remoteInfo = MUGoogleAnalyticsWrapper;
		};
		7EFE975918FECD7200FEB394 /* PBXContainerItemProxy */ = {
			isa = PBXContainerItemProxy;
			containerPortal = 7E41A0D318FE986000D601EF /* MUAnalyticsTracker.xcodeproj */;
			proxyType = 2;
			remoteGlobalIDString = 7EFE972E18FEC62C00FEB394;
			remoteInfo = MUGoogleAnalyticsWrapperTests;
		};
		7EFE975D18FECD7600FEB394 /* PBXContainerItemProxy */ = {
			isa = PBXContainerItemProxy;
			containerPortal = 7E41A0D318FE986000D601EF /* MUAnalyticsTracker.xcodeproj */;
			proxyType = 1;
			remoteGlobalIDString = 7EFE972018FEC62C00FEB394;
			remoteInfo = MUGoogleAnalyticsWrapper;
		};
/* End PBXContainerItemProxy section */

/* Begin PBXCopyFilesBuildPhase section */
		7EAC342E18FE748B007D540D /* CopyFiles */ = {
			isa = PBXCopyFilesBuildPhase;
			buildActionMask = 2147483647;
			dstPath = "include/$(PRODUCT_NAME)";
			dstSubfolderSpec = 16;
			files = (
				7EAC343918FE748B007D540D /* MUAllUploaderLibs.h in CopyFiles */,
			);
			runOnlyForDeploymentPostprocessing = 0;
		};
/* End PBXCopyFilesBuildPhase section */

/* Begin PBXFileReference section */
		782F7F211925FA3300C6B11A /* iOSKeychainItemWrapper.xcodeproj */ = {isa = PBXFileReference; lastKnownFileType = "wrapper.pb-project"; name = iOSKeychainItemWrapper.xcodeproj; path = "../../lib-third-party/iOSKeychainItemWrapper/iOSKeychainItemWrapper.xcodeproj"; sourceTree = "<group>"; };
		78C8F7F91907DFF800B78ABB /* MUUploadManager.xcodeproj */ = {isa = PBXFileReference; lastKnownFileType = "wrapper.pb-project"; name = MUUploadManager.xcodeproj; path = ../MUUploadManager/MUUploadManager.xcodeproj; sourceTree = "<group>"; };
		7E41A0D318FE986000D601EF /* MUAnalyticsTracker.xcodeproj */ = {isa = PBXFileReference; lastKnownFileType = "wrapper.pb-project"; name = MUAnalyticsTracker.xcodeproj; path = ../MUAnalyticsTracker/MUAnalyticsTracker.xcodeproj; sourceTree = "<group>"; };
		7E7071D81918E54A00C6AEEB /* MUMigrationTool.xcodeproj */ = {isa = PBXFileReference; lastKnownFileType = "wrapper.pb-project"; name = MUMigrationTool.xcodeproj; path = ../MUMigrationTool/MUMigrationTool.xcodeproj; sourceTree = "<group>"; };
		7EAC343018FE748B007D540D /* libMUAllUploaderLibs.a */ = {isa = PBXFileReference; explicitFileType = archive.ar; includeInIndex = 0; path = libMUAllUploaderLibs.a; sourceTree = BUILT_PRODUCTS_DIR; };
		7EAC343318FE748B007D540D /* Foundation.framework */ = {isa = PBXFileReference; lastKnownFileType = wrapper.framework; name = Foundation.framework; path = System/Library/Frameworks/Foundation.framework; sourceTree = SDKROOT; };
		7EAC343718FE748B007D540D /* MUAllUploaderLibs-Prefix.pch */ = {isa = PBXFileReference; lastKnownFileType = sourcecode.c.h; path = "MUAllUploaderLibs-Prefix.pch"; sourceTree = "<group>"; };
		7EAC343818FE748B007D540D /* MUAllUploaderLibs.h */ = {isa = PBXFileReference; lastKnownFileType = sourcecode.c.h; path = MUAllUploaderLibs.h; sourceTree = "<group>"; };
		7EAC343A18FE748B007D540D /* MUAllUploaderLibs.m */ = {isa = PBXFileReference; lastKnownFileType = sourcecode.c.objc; path = MUAllUploaderLibs.m; sourceTree = "<group>"; };
		7EAC344118FE748B007D540D /* XCTest.framework */ = {isa = PBXFileReference; lastKnownFileType = wrapper.framework; name = XCTest.framework; path = Library/Frameworks/XCTest.framework; sourceTree = DEVELOPER_DIR; };
		7EAC344418FE748B007D540D /* UIKit.framework */ = {isa = PBXFileReference; lastKnownFileType = wrapper.framework; name = UIKit.framework; path = Library/Frameworks/UIKit.framework; sourceTree = DEVELOPER_DIR; };
		7EAC344B18FE748B007D540D /* MUAllUploaderLibsTests-Info.plist */ = {isa = PBXFileReference; lastKnownFileType = text.plist.xml; path = "MUAllUploaderLibsTests-Info.plist"; sourceTree = "<group>"; };
		7EAC344D18FE748B007D540D /* en */ = {isa = PBXFileReference; lastKnownFileType = text.plist.strings; name = en; path = en.lproj/InfoPlist.strings; sourceTree = "<group>"; };
		7EAC344F18FE748B007D540D /* MUAllUploaderLibsTests.m */ = {isa = PBXFileReference; lastKnownFileType = sourcecode.c.objc; path = MUAllUploaderLibsTests.m; sourceTree = "<group>"; };
		7EAC346418FE74B9007D540D /* SCInstanceStorage.xcodeproj */ = {isa = PBXFileReference; lastKnownFileType = "wrapper.pb-project"; name = SCInstanceStorage.xcodeproj; path = ../SCInstanceStorage/SCInstanceStorage.xcodeproj; sourceTree = "<group>"; };
		7EAC346D18FE74BE007D540D /* iOSReachabilityFramework.xcodeproj */ = {isa = PBXFileReference; lastKnownFileType = "wrapper.pb-project"; name = iOSReachabilityFramework.xcodeproj; path = "../../lib-third-party/Reachability/iOSReachabilityFramework/iOSReachabilityFramework.xcodeproj"; sourceTree = "<group>"; };
/* End PBXFileReference section */

/* Begin PBXFrameworksBuildPhase section */
		7EAC342D18FE748B007D540D /* Frameworks */ = {
			isa = PBXFrameworksBuildPhase;
			buildActionMask = 2147483647;
			files = (
				782F7F371925FA4300C6B11A /* libiOSKeychainItemWrapper.a in Frameworks */,
				7E7071F31918E55F00C6AEEB /* libMUMigrationTool.a in Frameworks */,
				78C8F8071907E02C00B78ABB /* libMUUploadManager.a in Frameworks */,
				7EFE975B18FECD7200FEB394 /* libMUGoogleAnalyticsWrapper.a in Frameworks */,
				7EDFEB1018FEBFD200055891 /* libSCInstanceStorage.a in Frameworks */,
				7E62FBE718FEA06100D88F70 /* libMUCrashlyticsWrapper.a in Frameworks */,
				7E26869818FE9B7800033905 /* libMUFlurryWrapper.a in Frameworks */,
				7EE3AAEE18FE989500C68E85 /* libMUAnalyticsTracker.a in Frameworks */,
				7E46305218FE768D009E0F7F /* libiOSReachabilityFramework.a in Frameworks */,
				7EAC343418FE748B007D540D /* Foundation.framework in Frameworks */,
			);
			runOnlyForDeploymentPostprocessing = 0;
		};
/* End PBXFrameworksBuildPhase section */

/* Begin PBXGroup section */
		782F7F221925FA3300C6B11A /* Products */ = {
			isa = PBXGroup;
			children = (
				782F7F271925FA3300C6B11A /* libiOSKeychainItemWrapper.a */,
				782F7F291925FA3300C6B11A /* iOSKeychainItemWrapperTests.xctest */,
			);
			name = Products;
			sourceTree = "<group>";
		};
		78C8F7FA1907DFF800B78ABB /* Products */ = {
			isa = PBXGroup;
			children = (
				78C8F8011907DFF900B78ABB /* libMUUploadManager.a */,
				78C8F8031907DFF900B78ABB /* MUUploadManagerTests.xctest */,
			);
			name = Products;
			sourceTree = "<group>";
		};
		7E41A0D418FE986000D601EF /* Products */ = {
			isa = PBXGroup;
			children = (
				7E41A0D918FE986000D601EF /* libMUAnalyticsTracker.a */,
				7E26868F18FE9B7100033905 /* libMUCrashlyticsWrapper.a */,
				7E26869118FE9B7100033905 /* libMUFlurryWrapper.a */,
				7E41A0DB18FE986000D601EF /* MUAnalyticsTrackerTests.xctest */,
				7EFE975818FECD7200FEB394 /* libMUGoogleAnalyticsWrapper.a */,
				7EFE975A18FECD7200FEB394 /* MUGoogleAnalyticsWrapperTests.xctest */,
			);
			name = Products;
			sourceTree = "<group>";
		};
		7E7071D91918E54A00C6AEEB /* Products */ = {
			isa = PBXGroup;
			children = (
				7E7071E01918E54A00C6AEEB /* libMUMigrationTool.a */,
				7E7071E21918E54A00C6AEEB /* MUMigrationToolTests.xctest */,
				782F7F301925FA3300C6B11A /* LegacyDocumentsDir.bundle */,
				782F7F321925FA3300C6B11A /* V1DocumentsDir.bundle */,
			);
			name = Products;
			sourceTree = "<group>";
		};
		7EAC342718FE748B007D540D = {
			isa = PBXGroup;
			children = (
				7EAC346318FE74A8007D540D /* lib-third-party */,
				7EAC346218FE749C007D540D /* lib  */,
				7EAC343518FE748B007D540D /* MUAllUploaderLibs */,
				7EAC344918FE748B007D540D /* MUAllUploaderLibsTests */,
				7EAC343218FE748B007D540D /* Frameworks */,
				7EAC343118FE748B007D540D /* Products */,
			);
			sourceTree = "<group>";
		};
		7EAC343118FE748B007D540D /* Products */ = {
			isa = PBXGroup;
			children = (
				7EAC343018FE748B007D540D /* libMUAllUploaderLibs.a */,
			);
			name = Products;
			sourceTree = "<group>";
		};
		7EAC343218FE748B007D540D /* Frameworks */ = {
			isa = PBXGroup;
			children = (
				7EAC343318FE748B007D540D /* Foundation.framework */,
				7EAC344118FE748B007D540D /* XCTest.framework */,
				7EAC344418FE748B007D540D /* UIKit.framework */,
			);
			name = Frameworks;
			sourceTree = "<group>";
		};
		7EAC343518FE748B007D540D /* MUAllUploaderLibs */ = {
			isa = PBXGroup;
			children = (
				7EAC343818FE748B007D540D /* MUAllUploaderLibs.h */,
				7EAC343A18FE748B007D540D /* MUAllUploaderLibs.m */,
				7EAC343618FE748B007D540D /* Supporting Files */,
			);
			path = MUAllUploaderLibs;
			sourceTree = "<group>";
		};
		7EAC343618FE748B007D540D /* Supporting Files */ = {
			isa = PBXGroup;
			children = (
				7EAC343718FE748B007D540D /* MUAllUploaderLibs-Prefix.pch */,
			);
			name = "Supporting Files";
			sourceTree = "<group>";
		};
		7EAC344918FE748B007D540D /* MUAllUploaderLibsTests */ = {
			isa = PBXGroup;
			children = (
				7EAC344F18FE748B007D540D /* MUAllUploaderLibsTests.m */,
				7EAC344A18FE748B007D540D /* Supporting Files */,
			);
			path = MUAllUploaderLibsTests;
			sourceTree = "<group>";
		};
		7EAC344A18FE748B007D540D /* Supporting Files */ = {
			isa = PBXGroup;
			children = (
				7EAC344B18FE748B007D540D /* MUAllUploaderLibsTests-Info.plist */,
				7EAC344C18FE748B007D540D /* InfoPlist.strings */,
			);
			name = "Supporting Files";
			sourceTree = "<group>";
		};
		7EAC346218FE749C007D540D /* lib  */ = {
			isa = PBXGroup;
			children = (
				7E7071D81918E54A00C6AEEB /* MUMigrationTool.xcodeproj */,
				7E41A0D318FE986000D601EF /* MUAnalyticsTracker.xcodeproj */,
				7EAC346418FE74B9007D540D /* SCInstanceStorage.xcodeproj */,
				78C8F7F91907DFF800B78ABB /* MUUploadManager.xcodeproj */,
			);
			name = "lib ";
			sourceTree = "<group>";
		};
		7EAC346318FE74A8007D540D /* lib-third-party */ = {
			isa = PBXGroup;
			children = (
				782F7F211925FA3300C6B11A /* iOSKeychainItemWrapper.xcodeproj */,
				7EAC346D18FE74BE007D540D /* iOSReachabilityFramework.xcodeproj */,
			);
			name = "lib-third-party";
			sourceTree = "<group>";
		};
		7EAC346518FE74B9007D540D /* Products */ = {
			isa = PBXGroup;
			children = (
				7EAC346A18FE74B9007D540D /* libSCInstanceStorage.a */,
				7EAC346C18FE74B9007D540D /* SCInstanceStorageTests.xctest */,
			);
			name = Products;
			sourceTree = "<group>";
		};
		7EAC346E18FE74BE007D540D /* Products */ = {
			isa = PBXGroup;
			children = (
				7EAC347218FE74BE007D540D /* libiOSReachabilityFramework.a */,
			);
			name = Products;
			sourceTree = "<group>";
		};
/* End PBXGroup section */

/* Begin PBXNativeTarget section */
		7EAC342F18FE748B007D540D /* MUAllUploaderLibs */ = {
			isa = PBXNativeTarget;
			buildConfigurationList = 7EAC345318FE748B007D540D /* Build configuration list for PBXNativeTarget "MUAllUploaderLibs" */;
			buildPhases = (
				7EAC342C18FE748B007D540D /* Sources */,
				7EAC342D18FE748B007D540D /* Frameworks */,
				7EAC342E18FE748B007D540D /* CopyFiles */,
			);
			buildRules = (
			);
			dependencies = (
				782F7F361925FA3F00C6B11A /* PBXTargetDependency */,
				7E7071EC1918E55B00C6AEEB /* PBXTargetDependency */,
				78C8F8061907E01F00B78ABB /* PBXTargetDependency */,
				7EFE975E18FECD7600FEB394 /* PBXTargetDependency */,
				7EDFEB0A18FEBFCE00055891 /* PBXTargetDependency */,
				7E26868618FE9B7100033905 /* PBXTargetDependency */,
				7E26868818FE9B7100033905 /* PBXTargetDependency */,
				7EE3AAE918FE989200C68E85 /* PBXTargetDependency */,
				7E46304E18FE75F9009E0F7F /* PBXTargetDependency */,
			);
			name = MUAllUploaderLibs;
			productName = MUAllUploaderLibs;
			productReference = 7EAC343018FE748B007D540D /* libMUAllUploaderLibs.a */;
			productType = "com.apple.product-type.library.static";
		};
/* End PBXNativeTarget section */

/* Begin PBXProject section */
		7EAC342818FE748B007D540D /* Project object */ = {
			isa = PBXProject;
			attributes = {
				LastUpgradeCheck = 0500;
				ORGANIZATIONNAME = Sitecore;
			};
			buildConfigurationList = 7EAC342B18FE748B007D540D /* Build configuration list for PBXProject "MUAllUploaderLibs" */;
			compatibilityVersion = "Xcode 3.2";
			developmentRegion = English;
			hasScannedForEncodings = 0;
			knownRegions = (
				en,
			);
			mainGroup = 7EAC342718FE748B007D540D;
			productRefGroup = 7EAC343118FE748B007D540D /* Products */;
			projectDirPath = "";
			projectReferences = (
				{
					ProductGroup = 782F7F221925FA3300C6B11A /* Products */;
					ProjectRef = 782F7F211925FA3300C6B11A /* iOSKeychainItemWrapper.xcodeproj */;
				},
				{
					ProductGroup = 7EAC346E18FE74BE007D540D /* Products */;
					ProjectRef = 7EAC346D18FE74BE007D540D /* iOSReachabilityFramework.xcodeproj */;
				},
				{
					ProductGroup = 7E41A0D418FE986000D601EF /* Products */;
					ProjectRef = 7E41A0D318FE986000D601EF /* MUAnalyticsTracker.xcodeproj */;
				},
				{
					ProductGroup = 7E7071D91918E54A00C6AEEB /* Products */;
					ProjectRef = 7E7071D81918E54A00C6AEEB /* MUMigrationTool.xcodeproj */;
				},
				{
					ProductGroup = 78C8F7FA1907DFF800B78ABB /* Products */;
					ProjectRef = 78C8F7F91907DFF800B78ABB /* MUUploadManager.xcodeproj */;
				},
				{
					ProductGroup = 7EAC346518FE74B9007D540D /* Products */;
					ProjectRef = 7EAC346418FE74B9007D540D /* SCInstanceStorage.xcodeproj */;
				},
			);
			projectRoot = "";
			targets = (
				7EAC342F18FE748B007D540D /* MUAllUploaderLibs */,
			);
		};
/* End PBXProject section */

/* Begin PBXReferenceProxy section */
		782F7F271925FA3300C6B11A /* libiOSKeychainItemWrapper.a */ = {
			isa = PBXReferenceProxy;
			fileType = archive.ar;
			path = libiOSKeychainItemWrapper.a;
			remoteRef = 782F7F261925FA3300C6B11A /* PBXContainerItemProxy */;
			sourceTree = BUILT_PRODUCTS_DIR;
		};
		782F7F291925FA3300C6B11A /* iOSKeychainItemWrapperTests.xctest */ = {
			isa = PBXReferenceProxy;
			fileType = wrapper.cfbundle;
			path = iOSKeychainItemWrapperTests.xctest;
			remoteRef = 782F7F281925FA3300C6B11A /* PBXContainerItemProxy */;
			sourceTree = BUILT_PRODUCTS_DIR;
		};
		782F7F301925FA3300C6B11A /* LegacyDocumentsDir.bundle */ = {
			isa = PBXReferenceProxy;
			fileType = wrapper.cfbundle;
			path = LegacyDocumentsDir.bundle;
			remoteRef = 782F7F2F1925FA3300C6B11A /* PBXContainerItemProxy */;
			sourceTree = BUILT_PRODUCTS_DIR;
		};
		782F7F321925FA3300C6B11A /* V1DocumentsDir.bundle */ = {
			isa = PBXReferenceProxy;
			fileType = wrapper.cfbundle;
			path = V1DocumentsDir.bundle;
			remoteRef = 782F7F311925FA3300C6B11A /* PBXContainerItemProxy */;
			sourceTree = BUILT_PRODUCTS_DIR;
		};
		78C8F8011907DFF900B78ABB /* libMUUploadManager.a */ = {
			isa = PBXReferenceProxy;
			fileType = archive.ar;
			path = libMUUploadManager.a;
			remoteRef = 78C8F8001907DFF900B78ABB /* PBXContainerItemProxy */;
			sourceTree = BUILT_PRODUCTS_DIR;
		};
		78C8F8031907DFF900B78ABB /* MUUploadManagerTests.xctest */ = {
			isa = PBXReferenceProxy;
			fileType = wrapper.cfbundle;
			path = MUUploadManagerTests.xctest;
			remoteRef = 78C8F8021907DFF900B78ABB /* PBXContainerItemProxy */;
			sourceTree = BUILT_PRODUCTS_DIR;
		};
		7E26868F18FE9B7100033905 /* libMUCrashlyticsWrapper.a */ = {
			isa = PBXReferenceProxy;
			fileType = archive.ar;
			path = libMUCrashlyticsWrapper.a;
			remoteRef = 7E26868E18FE9B7100033905 /* PBXContainerItemProxy */;
			sourceTree = BUILT_PRODUCTS_DIR;
		};
		7E26869118FE9B7100033905 /* libMUFlurryWrapper.a */ = {
			isa = PBXReferenceProxy;
			fileType = archive.ar;
			path = libMUFlurryWrapper.a;
			remoteRef = 7E26869018FE9B7100033905 /* PBXContainerItemProxy */;
			sourceTree = BUILT_PRODUCTS_DIR;
		};
		7E41A0D918FE986000D601EF /* libMUAnalyticsTracker.a */ = {
			isa = PBXReferenceProxy;
			fileType = archive.ar;
			path = libMUAnalyticsTracker.a;
			remoteRef = 7E41A0D818FE986000D601EF /* PBXContainerItemProxy */;
			sourceTree = BUILT_PRODUCTS_DIR;
		};
		7E41A0DB18FE986000D601EF /* MUAnalyticsTrackerTests.xctest */ = {
			isa = PBXReferenceProxy;
			fileType = wrapper.cfbundle;
			path = MUAnalyticsTrackerTests.xctest;
			remoteRef = 7E41A0DA18FE986000D601EF /* PBXContainerItemProxy */;
			sourceTree = BUILT_PRODUCTS_DIR;
		};
		7E7071E01918E54A00C6AEEB /* libMUMigrationTool.a */ = {
			isa = PBXReferenceProxy;
			fileType = archive.ar;
			path = libMUMigrationTool.a;
			remoteRef = 7E7071DF1918E54A00C6AEEB /* PBXContainerItemProxy */;
			sourceTree = BUILT_PRODUCTS_DIR;
		};
		7E7071E21918E54A00C6AEEB /* MUMigrationToolTests.xctest */ = {
			isa = PBXReferenceProxy;
			fileType = wrapper.cfbundle;
			path = MUMigrationToolTests.xctest;
			remoteRef = 7E7071E11918E54A00C6AEEB /* PBXContainerItemProxy */;
			sourceTree = BUILT_PRODUCTS_DIR;
		};
		7EAC346A18FE74B9007D540D /* libSCInstanceStorage.a */ = {
			isa = PBXReferenceProxy;
			fileType = archive.ar;
			path = libSCInstanceStorage.a;
			remoteRef = 7EAC346918FE74B9007D540D /* PBXContainerItemProxy */;
			sourceTree = BUILT_PRODUCTS_DIR;
		};
		7EAC346C18FE74B9007D540D /* SCInstanceStorageTests.xctest */ = {
			isa = PBXReferenceProxy;
			fileType = wrapper.cfbundle;
			path = SCInstanceStorageTests.xctest;
			remoteRef = 7EAC346B18FE74B9007D540D /* PBXContainerItemProxy */;
			sourceTree = BUILT_PRODUCTS_DIR;
		};
		7EAC347218FE74BE007D540D /* libiOSReachabilityFramework.a */ = {
			isa = PBXReferenceProxy;
			fileType = archive.ar;
			path = libiOSReachabilityFramework.a;
			remoteRef = 7EAC347118FE74BE007D540D /* PBXContainerItemProxy */;
			sourceTree = BUILT_PRODUCTS_DIR;
		};
		7EFE975818FECD7200FEB394 /* libMUGoogleAnalyticsWrapper.a */ = {
			isa = PBXReferenceProxy;
			fileType = archive.ar;
			path = libMUGoogleAnalyticsWrapper.a;
			remoteRef = 7EFE975718FECD7200FEB394 /* PBXContainerItemProxy */;
			sourceTree = BUILT_PRODUCTS_DIR;
		};
		7EFE975A18FECD7200FEB394 /* MUGoogleAnalyticsWrapperTests.xctest */ = {
			isa = PBXReferenceProxy;
			fileType = wrapper.cfbundle;
			path = MUGoogleAnalyticsWrapperTests.xctest;
			remoteRef = 7EFE975918FECD7200FEB394 /* PBXContainerItemProxy */;
			sourceTree = BUILT_PRODUCTS_DIR;
		};
/* End PBXReferenceProxy section */

/* Begin PBXSourcesBuildPhase section */
		7EAC342C18FE748B007D540D /* Sources */ = {
			isa = PBXSourcesBuildPhase;
			buildActionMask = 2147483647;
			files = (
				7EAC343B18FE748B007D540D /* MUAllUploaderLibs.m in Sources */,
			);
			runOnlyForDeploymentPostprocessing = 0;
		};
/* End PBXSourcesBuildPhase section */

/* Begin PBXTargetDependency section */
		782F7F361925FA3F00C6B11A /* PBXTargetDependency */ = {
			isa = PBXTargetDependency;
			name = iOSKeychainItemWrapper;
			targetProxy = 782F7F351925FA3F00C6B11A /* PBXContainerItemProxy */;
		};
		78C8F8061907E01F00B78ABB /* PBXTargetDependency */ = {
			isa = PBXTargetDependency;
			name = MUUploadManager;
			targetProxy = 78C8F8051907E01F00B78ABB /* PBXContainerItemProxy */;
		};
		7E26868618FE9B7100033905 /* PBXTargetDependency */ = {
			isa = PBXTargetDependency;
			name = MUCrashlyticsWrapper;
			targetProxy = 7E26868518FE9B7100033905 /* PBXContainerItemProxy */;
		};
		7E26868818FE9B7100033905 /* PBXTargetDependency */ = {
			isa = PBXTargetDependency;
			name = MUFlurryWrapper;
			targetProxy = 7E26868718FE9B7100033905 /* PBXContainerItemProxy */;
		};
		7E46304E18FE75F9009E0F7F /* PBXTargetDependency */ = {
			isa = PBXTargetDependency;
			name = iOSReachabilityFramework;
			targetProxy = 7E46304D18FE75F9009E0F7F /* PBXContainerItemProxy */;
		};
		7E7071EC1918E55B00C6AEEB /* PBXTargetDependency */ = {
			isa = PBXTargetDependency;
			name = MUMigrationTool;
			targetProxy = 7E7071EB1918E55B00C6AEEB /* PBXContainerItemProxy */;
		};
		7EDFEB0A18FEBFCE00055891 /* PBXTargetDependency */ = {
			isa = PBXTargetDependency;
			name = SCInstanceStorage;
			targetProxy = 7EDFEB0918FEBFCE00055891 /* PBXContainerItemProxy */;
		};
		7EE3AAE918FE989200C68E85 /* PBXTargetDependency */ = {
			isa = PBXTargetDependency;
			name = MUAnalyticsTracker;
			targetProxy = 7EE3AAE818FE989200C68E85 /* PBXContainerItemProxy */;
		};
		7EFE975E18FECD7600FEB394 /* PBXTargetDependency */ = {
			isa = PBXTargetDependency;
			name = MUGoogleAnalyticsWrapper;
			targetProxy = 7EFE975D18FECD7600FEB394 /* PBXContainerItemProxy */;
		};
/* End PBXTargetDependency section */

/* Begin PBXVariantGroup section */
		7EAC344C18FE748B007D540D /* InfoPlist.strings */ = {
			isa = PBXVariantGroup;
			children = (
				7EAC344D18FE748B007D540D /* en */,
			);
			name = InfoPlist.strings;
			sourceTree = "<group>";
		};
/* End PBXVariantGroup section */

/* Begin XCBuildConfiguration section */
		7EAC345118FE748B007D540D /* Debug */ = {
			isa = XCBuildConfiguration;
			buildSettings = {
				ALWAYS_SEARCH_USER_PATHS = NO;
				ARCHS = "$(ARCHS_STANDARD_INCLUDING_64_BIT)";
				CLANG_CXX_LANGUAGE_STANDARD = "gnu++0x";
				CLANG_CXX_LIBRARY = "libc++";
				CLANG_ENABLE_MODULES = YES;
				CLANG_ENABLE_OBJC_ARC = YES;
				CLANG_WARN_BOOL_CONVERSION = YES;
				CLANG_WARN_CONSTANT_CONVERSION = YES;
				CLANG_WARN_DIRECT_OBJC_ISA_USAGE = YES_ERROR;
				CLANG_WARN_EMPTY_BODY = YES;
				CLANG_WARN_ENUM_CONVERSION = YES;
				CLANG_WARN_INT_CONVERSION = YES;
				CLANG_WARN_OBJC_ROOT_CLASS = YES_ERROR;
				CLANG_WARN__DUPLICATE_METHOD_MATCH = YES;
				COPY_PHASE_STRIP = NO;
				GCC_C_LANGUAGE_STANDARD = gnu99;
				GCC_DYNAMIC_NO_PIC = NO;
				GCC_OPTIMIZATION_LEVEL = 0;
				GCC_PREPROCESSOR_DEFINITIONS = (
					"DEBUG=1",
					"$(inherited)",
				);
				GCC_SYMBOLS_PRIVATE_EXTERN = NO;
				GCC_WARN_64_TO_32_BIT_CONVERSION = YES;
				GCC_WARN_ABOUT_RETURN_TYPE = YES_ERROR;
				GCC_WARN_UNDECLARED_SELECTOR = YES;
				GCC_WARN_UNINITIALIZED_AUTOS = YES;
				GCC_WARN_UNUSED_FUNCTION = YES;
				GCC_WARN_UNUSED_VARIABLE = YES;
				IPHONEOS_DEPLOYMENT_TARGET = 7.0;
				ONLY_ACTIVE_ARCH = YES;
				SDKROOT = iphoneos;
			};
			name = Debug;
		};
		7EAC345218FE748B007D540D /* Release */ = {
			isa = XCBuildConfiguration;
			buildSettings = {
				ALWAYS_SEARCH_USER_PATHS = NO;
				ARCHS = "$(ARCHS_STANDARD_INCLUDING_64_BIT)";
				CLANG_CXX_LANGUAGE_STANDARD = "gnu++0x";
				CLANG_CXX_LIBRARY = "libc++";
				CLANG_ENABLE_MODULES = YES;
				CLANG_ENABLE_OBJC_ARC = YES;
				CLANG_WARN_BOOL_CONVERSION = YES;
				CLANG_WARN_CONSTANT_CONVERSION = YES;
				CLANG_WARN_DIRECT_OBJC_ISA_USAGE = YES_ERROR;
				CLANG_WARN_EMPTY_BODY = YES;
				CLANG_WARN_ENUM_CONVERSION = YES;
				CLANG_WARN_INT_CONVERSION = YES;
				CLANG_WARN_OBJC_ROOT_CLASS = YES_ERROR;
				CLANG_WARN__DUPLICATE_METHOD_MATCH = YES;
				COPY_PHASE_STRIP = YES;
				ENABLE_NS_ASSERTIONS = NO;
				GCC_C_LANGUAGE_STANDARD = gnu99;
				GCC_WARN_64_TO_32_BIT_CONVERSION = YES;
				GCC_WARN_ABOUT_RETURN_TYPE = YES_ERROR;
				GCC_WARN_UNDECLARED_SELECTOR = YES;
				GCC_WARN_UNINITIALIZED_AUTOS = YES;
				GCC_WARN_UNUSED_FUNCTION = YES;
				GCC_WARN_UNUSED_VARIABLE = YES;
				IPHONEOS_DEPLOYMENT_TARGET = 7.0;
				SDKROOT = iphoneos;
				VALIDATE_PRODUCT = YES;
			};
			name = Release;
		};
		7EAC345418FE748B007D540D /* Debug */ = {
			isa = XCBuildConfiguration;
			buildSettings = {
				DSTROOT = /tmp/MUAllUploaderLibs.dst;
				GCC_PRECOMPILE_PREFIX_HEADER = YES;
				GCC_PREFIX_HEADER = "MUAllUploaderLibs/MUAllUploaderLibs-Prefix.pch";
				OTHER_LDFLAGS = "-ObjC";
				PRODUCT_NAME = "$(TARGET_NAME)";
				SKIP_INSTALL = YES;
			};
			name = Debug;
		};
		7EAC345518FE748B007D540D /* Release */ = {
			isa = XCBuildConfiguration;
			buildSettings = {
				DSTROOT = /tmp/MUAllUploaderLibs.dst;
				GCC_PRECOMPILE_PREFIX_HEADER = YES;
				GCC_PREFIX_HEADER = "MUAllUploaderLibs/MUAllUploaderLibs-Prefix.pch";
				OTHER_LDFLAGS = "-ObjC";
				PRODUCT_NAME = "$(TARGET_NAME)";
				SKIP_INSTALL = YES;
			};
			name = Release;
		};
/* End XCBuildConfiguration section */

/* Begin XCConfigurationList section */
		7EAC342B18FE748B007D540D /* Build configuration list for PBXProject "MUAllUploaderLibs" */ = {
			isa = XCConfigurationList;
			buildConfigurations = (
				7EAC345118FE748B007D540D /* Debug */,
				7EAC345218FE748B007D540D /* Release */,
			);
			defaultConfigurationIsVisible = 0;
			defaultConfigurationName = Release;
		};
		7EAC345318FE748B007D540D /* Build configuration list for PBXNativeTarget "MUAllUploaderLibs" */ = {
			isa = XCConfigurationList;
			buildConfigurations = (
				7EAC345418FE748B007D540D /* Debug */,
				7EAC345518FE748B007D540D /* Release */,
			);
			defaultConfigurationIsVisible = 0;
			defaultConfigurationName = Release;
		};
/* End XCConfigurationList section */
	};
	rootObject = 7EAC342818FE748B007D540D /* Project object */;
}
