// !$*UTF8*$!
{
	archiveVersion = 1;
	classes = {
	};
	objectVersion = 46;
	objects = {

/* Begin PBXBuildFile section */
		785088A4190E56A600EBAD3C /* MULocationInfoData.m in Sources */ = {isa = PBXBuildFile; fileRef = 785088A3190E56A600EBAD3C /* MULocationInfoData.m */; };
		78745EB81907EE08004353B2 /* MUUploadManager.h in CopyFiles */ = {isa = PBXBuildFile; fileRef = 78745EB71907EDB8004353B2 /* MUUploadManager.h */; };
		78745EC31907EFD2004353B2 /* MUUploadItemStatus.m in Sources */ = {isa = PBXBuildFile; fileRef = 78745EC21907EFD2004353B2 /* MUUploadItemStatus.m */; };
		78745EC71907F001004353B2 /* MUMedia.m in Sources */ = {isa = PBXBuildFile; fileRef = 78745EC61907F001004353B2 /* MUMedia.m */; };
		78745ECB1907F02A004353B2 /* MUConstants.m in Sources */ = {isa = PBXBuildFile; fileRef = 78745EC91907F02A004353B2 /* MUConstants.m */; };
		78745ECF1907F04F004353B2 /* MUImageHelper.mm in Sources */ = {isa = PBXBuildFile; fileRef = 78745ECE1907F04F004353B2 /* MUImageHelper.mm */; };
		787F68811907F1B0000383CC /* MUImageScaling.m in Sources */ = {isa = PBXBuildFile; fileRef = 787F68801907F1B0000383CC /* MUImageScaling.m */; };
		787F68851907F384000383CC /* MUItemsForUploadManager.mm in Sources */ = {isa = PBXBuildFile; fileRef = 787F68841907F384000383CC /* MUItemsForUploadManager.mm */; };
		789863B5190F9AE500E38AEA /* UIKit.framework in Frameworks */ = {isa = PBXBuildFile; fileRef = 787F687D1907F131000383CC /* UIKit.framework */; };
		789863C3190FB4CB00E38AEA /* MUMedia+Private.m in Sources */ = {isa = PBXBuildFile; fileRef = 789863C2190FB4CB00E38AEA /* MUMedia+Private.m */; };
		78C0C110190F8EEB00E6B9C7 /* MUMediaItemTest.mm in Sources */ = {isa = PBXBuildFile; fileRef = 78C0C10F190F8EEB00E6B9C7 /* MUMediaItemTest.mm */; };
		78C0C11A190F996900E6B9C7 /* AVFoundation.framework in Frameworks */ = {isa = PBXBuildFile; fileRef = 78C0C118190F991600E6B9C7 /* AVFoundation.framework */; };
		78C0C11B190F996D00E6B9C7 /* AssetsLibrary.framework in Frameworks */ = {isa = PBXBuildFile; fileRef = 78CAF710190A7EB100201968 /* AssetsLibrary.framework */; };
		78C0C11C190F998200E6B9C7 /* CoreMedia.framework in Frameworks */ = {isa = PBXBuildFile; fileRef = 78C0C111190F95B500E6B9C7 /* CoreMedia.framework */; };
		78C0C11D190F998E00E6B9C7 /* CoreGraphics.framework in Frameworks */ = {isa = PBXBuildFile; fileRef = 787F687B1907F0CF000383CC /* CoreGraphics.framework */; };
		78C8F7D41907DFDA00B78ABB /* Foundation.framework in Frameworks */ = {isa = PBXBuildFile; fileRef = 78C8F7D31907DFDA00B78ABB /* Foundation.framework */; };
		78C8F7E21907DFDA00B78ABB /* XCTest.framework in Frameworks */ = {isa = PBXBuildFile; fileRef = 78C8F7E11907DFDA00B78ABB /* XCTest.framework */; };
		78C8F7E31907DFDA00B78ABB /* Foundation.framework in Frameworks */ = {isa = PBXBuildFile; fileRef = 78C8F7D31907DFDA00B78ABB /* Foundation.framework */; };
		78C8F7E51907DFDA00B78ABB /* UIKit.framework in Frameworks */ = {isa = PBXBuildFile; fileRef = 78C8F7E41907DFDA00B78ABB /* UIKit.framework */; };
		78C8F7E81907DFDA00B78ABB /* libMUUploadManager.a in Frameworks */ = {isa = PBXBuildFile; fileRef = 78C8F7D01907DFDA00B78ABB /* libMUUploadManager.a */; };
		78C8F7EE1907DFDA00B78ABB /* InfoPlist.strings in Resources */ = {isa = PBXBuildFile; fileRef = 78C8F7EC1907DFDA00B78ABB /* InfoPlist.strings */; };
		78C8F7F01907DFDA00B78ABB /* MUUploadManagerTests.mm in Sources */ = {isa = PBXBuildFile; fileRef = 78C8F7EF1907DFDA00B78ABB /* MUUploadManagerTests.mm */; };
/* End PBXBuildFile section */

/* Begin PBXContainerItemProxy section */
		78C8F7E61907DFDA00B78ABB /* PBXContainerItemProxy */ = {
			isa = PBXContainerItemProxy;
			containerPortal = 78C8F7C81907DFDA00B78ABB /* Project object */;
			proxyType = 1;
			remoteGlobalIDString = 78C8F7CF1907DFDA00B78ABB;
			remoteInfo = MUUploadManager;
		};
/* End PBXContainerItemProxy section */

/* Begin PBXCopyFilesBuildPhase section */
		78C8F7CE1907DFDA00B78ABB /* CopyFiles */ = {
			isa = PBXCopyFilesBuildPhase;
			buildActionMask = 2147483647;
			dstPath = "include/$(PRODUCT_NAME)";
			dstSubfolderSpec = 16;
			files = (
				78745EB81907EE08004353B2 /* MUUploadManager.h in CopyFiles */,
			);
			runOnlyForDeploymentPostprocessing = 0;
		};
/* End PBXCopyFilesBuildPhase section */

/* Begin PBXFileReference section */
		785088A2190E56A600EBAD3C /* MULocationInfoData.h */ = {isa = PBXFileReference; fileEncoding = 4; lastKnownFileType = sourcecode.c.h; path = MULocationInfoData.h; sourceTree = "<group>"; };
		785088A3190E56A600EBAD3C /* MULocationInfoData.m */ = {isa = PBXFileReference; fileEncoding = 4; lastKnownFileType = sourcecode.c.objc; path = MULocationInfoData.m; sourceTree = "<group>"; };
		785088A5190E576C00EBAD3C /* MULocationInfo.h */ = {isa = PBXFileReference; fileEncoding = 4; lastKnownFileType = sourcecode.c.h; path = MULocationInfo.h; sourceTree = "<group>"; };
		78745EB71907EDB8004353B2 /* MUUploadManager.h */ = {isa = PBXFileReference; fileEncoding = 4; lastKnownFileType = sourcecode.c.h; lineEnding = 0; path = MUUploadManager.h; sourceTree = "<group>"; xcLanguageSpecificationIdentifier = xcode.lang.objcpp; };
		78745EC11907EFD2004353B2 /* MUUploadItemStatus.h */ = {isa = PBXFileReference; fileEncoding = 4; lastKnownFileType = sourcecode.c.h; lineEnding = 0; path = MUUploadItemStatus.h; sourceTree = "<group>"; xcLanguageSpecificationIdentifier = xcode.lang.objcpp; };
		78745EC21907EFD2004353B2 /* MUUploadItemStatus.m */ = {isa = PBXFileReference; fileEncoding = 4; lastKnownFileType = sourcecode.c.objc; lineEnding = 0; path = MUUploadItemStatus.m; sourceTree = "<group>"; xcLanguageSpecificationIdentifier = xcode.lang.objc; };
		78745EC51907F001004353B2 /* MUMedia.h */ = {isa = PBXFileReference; fileEncoding = 4; lastKnownFileType = sourcecode.c.h; lineEnding = 0; path = MUMedia.h; sourceTree = "<group>"; xcLanguageSpecificationIdentifier = xcode.lang.objcpp; };
		78745EC61907F001004353B2 /* MUMedia.m */ = {isa = PBXFileReference; fileEncoding = 4; lastKnownFileType = sourcecode.c.objc; lineEnding = 0; path = MUMedia.m; sourceTree = "<group>"; xcLanguageSpecificationIdentifier = xcode.lang.objc; };
		78745EC91907F02A004353B2 /* MUConstants.m */ = {isa = PBXFileReference; fileEncoding = 4; lastKnownFileType = sourcecode.c.objc; path = MUConstants.m; sourceTree = "<group>"; };
		78745ECA1907F02A004353B2 /* MUConstants.h */ = {isa = PBXFileReference; fileEncoding = 4; lastKnownFileType = sourcecode.c.h; path = MUConstants.h; sourceTree = "<group>"; };
		78745ECD1907F04F004353B2 /* MUImageHelper.h */ = {isa = PBXFileReference; fileEncoding = 4; lastKnownFileType = sourcecode.c.h; path = MUImageHelper.h; sourceTree = "<group>"; };
		78745ECE1907F04F004353B2 /* MUImageHelper.mm */ = {isa = PBXFileReference; fileEncoding = 4; lastKnownFileType = sourcecode.cpp.objcpp; path = MUImageHelper.mm; sourceTree = "<group>"; };
		787F687B1907F0CF000383CC /* CoreGraphics.framework */ = {isa = PBXFileReference; lastKnownFileType = wrapper.framework; name = CoreGraphics.framework; path = System/Library/Frameworks/CoreGraphics.framework; sourceTree = SDKROOT; };
		787F687D1907F131000383CC /* UIKit.framework */ = {isa = PBXFileReference; lastKnownFileType = wrapper.framework; name = UIKit.framework; path = System/Library/Frameworks/UIKit.framework; sourceTree = SDKROOT; };
		787F687F1907F1B0000383CC /* MUImageScaling.h */ = {isa = PBXFileReference; fileEncoding = 4; lastKnownFileType = sourcecode.c.h; path = MUImageScaling.h; sourceTree = "<group>"; };
		787F68801907F1B0000383CC /* MUImageScaling.mm */ = {isa = PBXFileReference; fileEncoding = 4; lastKnownFileType = sourcecode.cpp.objcpp; path = MUImageScaling.mm; sourceTree = "<group>"; };
		787F68831907F384000383CC /* MUItemsForUploadManager.h */ = {isa = PBXFileReference; fileEncoding = 4; lastKnownFileType = sourcecode.c.h; lineEnding = 0; path = MUItemsForUploadManager.h; sourceTree = "<group>"; xcLanguageSpecificationIdentifier = xcode.lang.objcpp; };
		787F68841907F384000383CC /* MUItemsForUploadManager.mm */ = {isa = PBXFileReference; fileEncoding = 4; lastKnownFileType = sourcecode.cpp.objcpp; lineEnding = 0; path = MUItemsForUploadManager.mm; sourceTree = "<group>"; xcLanguageSpecificationIdentifier = xcode.lang.objc; };
		789863C0190FB42E00E38AEA /* MUTypes.h */ = {isa = PBXFileReference; fileEncoding = 4; lastKnownFileType = sourcecode.c.h; path = MUTypes.h; sourceTree = "<group>"; };
		789863C1190FB4CB00E38AEA /* MUMedia+Private.h */ = {isa = PBXFileReference; fileEncoding = 4; lastKnownFileType = sourcecode.c.h; path = "MUMedia+Private.h"; sourceTree = "<group>"; };
		789863C2190FB4CB00E38AEA /* MUMedia+Private.m */ = {isa = PBXFileReference; fileEncoding = 4; lastKnownFileType = sourcecode.c.objc; path = "MUMedia+Private.m"; sourceTree = "<group>"; };
		78C0C10F190F8EEB00E6B9C7 /* MUMediaItemTest.mm */ = {isa = PBXFileReference; fileEncoding = 4; lastKnownFileType = sourcecode.cpp.objcpp; path = MUMediaItemTest.mm; sourceTree = "<group>"; };
		78C0C111190F95B500E6B9C7 /* CoreMedia.framework */ = {isa = PBXFileReference; lastKnownFileType = wrapper.framework; name = CoreMedia.framework; path = System/Library/Frameworks/CoreMedia.framework; sourceTree = SDKROOT; };
		78C0C118190F991600E6B9C7 /* AVFoundation.framework */ = {isa = PBXFileReference; lastKnownFileType = wrapper.framework; name = AVFoundation.framework; path = System/Library/Frameworks/AVFoundation.framework; sourceTree = SDKROOT; };
		78C8F7D01907DFDA00B78ABB /* libMUUploadManager.a */ = {isa = PBXFileReference; explicitFileType = archive.ar; includeInIndex = 0; path = libMUUploadManager.a; sourceTree = BUILT_PRODUCTS_DIR; };
		78C8F7D31907DFDA00B78ABB /* Foundation.framework */ = {isa = PBXFileReference; lastKnownFileType = wrapper.framework; name = Foundation.framework; path = System/Library/Frameworks/Foundation.framework; sourceTree = SDKROOT; };
		78C8F7D71907DFDA00B78ABB /* MUUploadManager-Prefix.pch */ = {isa = PBXFileReference; lastKnownFileType = sourcecode.c.h; name = "MUUploadManager-Prefix.pch"; path = "MUUploadManager/MUUploadManager-Prefix.pch"; sourceTree = "<group>"; };
		78C8F7E01907DFDA00B78ABB /* MUUploadManagerTests.xctest */ = {isa = PBXFileReference; explicitFileType = wrapper.cfbundle; includeInIndex = 0; path = MUUploadManagerTests.xctest; sourceTree = BUILT_PRODUCTS_DIR; };
		78C8F7E11907DFDA00B78ABB /* XCTest.framework */ = {isa = PBXFileReference; lastKnownFileType = wrapper.framework; name = XCTest.framework; path = Library/Frameworks/XCTest.framework; sourceTree = DEVELOPER_DIR; };
		78C8F7E41907DFDA00B78ABB /* UIKit.framework */ = {isa = PBXFileReference; lastKnownFileType = wrapper.framework; name = UIKit.framework; path = Library/Frameworks/UIKit.framework; sourceTree = DEVELOPER_DIR; };
		78C8F7EB1907DFDA00B78ABB /* MUUploadManagerTests-Info.plist */ = {isa = PBXFileReference; lastKnownFileType = text.plist.xml; path = "MUUploadManagerTests-Info.plist"; sourceTree = "<group>"; };
		78C8F7ED1907DFDA00B78ABB /* en */ = {isa = PBXFileReference; lastKnownFileType = text.plist.strings; name = en; path = en.lproj/InfoPlist.strings; sourceTree = "<group>"; };
		78C8F7EF1907DFDA00B78ABB /* MUUploadManagerTests.mm */ = {isa = PBXFileReference; lastKnownFileType = sourcecode.cpp.objcpp; path = MUUploadManagerTests.mm; sourceTree = "<group>"; };
		78CAF710190A7EB100201968 /* AssetsLibrary.framework */ = {isa = PBXFileReference; lastKnownFileType = wrapper.framework; name = AssetsLibrary.framework; path = System/Library/Frameworks/AssetsLibrary.framework; sourceTree = SDKROOT; };
/* End PBXFileReference section */

/* Begin PBXFrameworksBuildPhase section */
		78C8F7CD1907DFDA00B78ABB /* Frameworks */ = {
			isa = PBXFrameworksBuildPhase;
			buildActionMask = 2147483647;
			files = (
				78C8F7D41907DFDA00B78ABB /* Foundation.framework in Frameworks */,
			);
			runOnlyForDeploymentPostprocessing = 0;
		};
		78C8F7DD1907DFDA00B78ABB /* Frameworks */ = {
			isa = PBXFrameworksBuildPhase;
			buildActionMask = 2147483647;
			files = (
				78C8F7E81907DFDA00B78ABB /* libMUUploadManager.a in Frameworks */,
				789863B5190F9AE500E38AEA /* UIKit.framework in Frameworks */,
				78C8F7E21907DFDA00B78ABB /* XCTest.framework in Frameworks */,
				78C0C11A190F996900E6B9C7 /* AVFoundation.framework in Frameworks */,
				78C0C11B190F996D00E6B9C7 /* AssetsLibrary.framework in Frameworks */,
				78C0C11D190F998E00E6B9C7 /* CoreGraphics.framework in Frameworks */,
				78C8F7E51907DFDA00B78ABB /* UIKit.framework in Frameworks */,
				78C8F7E31907DFDA00B78ABB /* Foundation.framework in Frameworks */,
				78C0C11C190F998200E6B9C7 /* CoreMedia.framework in Frameworks */,
			);
			runOnlyForDeploymentPostprocessing = 0;
		};
/* End PBXFrameworksBuildPhase section */

/* Begin PBXGroup section */
		78C8F7C71907DFDA00B78ABB = {
			isa = PBXGroup;
			children = (
				78C8F7D71907DFDA00B78ABB /* MUUploadManager-Prefix.pch */,
				78C8F7D51907DFDA00B78ABB /* MUUploadManager */,
				78C8F7E91907DFDA00B78ABB /* MUUploadManagerTests */,
				78C8F7D21907DFDA00B78ABB /* Frameworks */,
				78C8F7D11907DFDA00B78ABB /* Products */,
			);
			sourceTree = "<group>";
		};
		78C8F7D11907DFDA00B78ABB /* Products */ = {
			isa = PBXGroup;
			children = (
				78C8F7D01907DFDA00B78ABB /* libMUUploadManager.a */,
				78C8F7E01907DFDA00B78ABB /* MUUploadManagerTests.xctest */,
			);
			name = Products;
			sourceTree = "<group>";
		};
		78C8F7D21907DFDA00B78ABB /* Frameworks */ = {
			isa = PBXGroup;
			children = (
				78C0C118190F991600E6B9C7 /* AVFoundation.framework */,
				78C0C111190F95B500E6B9C7 /* CoreMedia.framework */,
				78CAF710190A7EB100201968 /* AssetsLibrary.framework */,
				787F687D1907F131000383CC /* UIKit.framework */,
				787F687B1907F0CF000383CC /* CoreGraphics.framework */,
				78C8F7D31907DFDA00B78ABB /* Foundation.framework */,
				78C8F7E11907DFDA00B78ABB /* XCTest.framework */,
				78C8F7E41907DFDA00B78ABB /* UIKit.framework */,
			);
			name = Frameworks;
			sourceTree = "<group>";
		};
		78C8F7D51907DFDA00B78ABB /* MUUploadManager */ = {
			isa = PBXGroup;
			children = (
				789863C0190FB42E00E38AEA /* MUTypes.h */,
				785088A5190E576C00EBAD3C /* MULocationInfo.h */,
				785088A2190E56A600EBAD3C /* MULocationInfoData.h */,
				785088A3190E56A600EBAD3C /* MULocationInfoData.m */,
				78C8F7D61907DFDA00B78ABB /* Supporting Files */,
				789863C1190FB4CB00E38AEA /* MUMedia+Private.h */,
				789863C2190FB4CB00E38AEA /* MUMedia+Private.m */,
				78745EC51907F001004353B2 /* MUMedia.h */,
				78745EC61907F001004353B2 /* MUMedia.m */,
				78745ECA1907F02A004353B2 /* MUConstants.h */,
				78745EC91907F02A004353B2 /* MUConstants.m */,
				78745ECD1907F04F004353B2 /* MUImageHelper.h */,
				78745ECE1907F04F004353B2 /* MUImageHelper.mm */,
				787F687F1907F1B0000383CC /* MUImageScaling.h */,
				787F68801907F1B0000383CC /* MUImageScaling.mm */,
				78745EC11907EFD2004353B2 /* MUUploadItemStatus.h */,
				78745EC21907EFD2004353B2 /* MUUploadItemStatus.m */,
				787F68831907F384000383CC /* MUItemsForUploadManager.h */,
				787F68841907F384000383CC /* MUItemsForUploadManager.mm */,
				78745EB71907EDB8004353B2 /* MUUploadManager.h */,
			);
			path = MUUploadManager;
			sourceTree = "<group>";
		};
		78C8F7E91907DFDA00B78ABB /* MUUploadManagerTests */ = {
			isa = PBXGroup;
			children = (
				78C0C10F190F8EEB00E6B9C7 /* MUMediaItemTest.mm */,
				78C8F7EF1907DFDA00B78ABB /* MUUploadManagerTests.mm */,
				78C8F7EA1907DFDA00B78ABB /* Supporting Files */,
			);
			path = MUUploadManagerTests;
			sourceTree = "<group>";
		};
		78C8F7EA1907DFDA00B78ABB /* Supporting Files */ = {
			isa = PBXGroup;
			children = (
				78C8F7EB1907DFDA00B78ABB /* MUUploadManagerTests-Info.plist */,
				78C8F7EC1907DFDA00B78ABB /* InfoPlist.strings */,
			);
			name = "Supporting Files";
			sourceTree = "<group>";
		};
/* End PBXGroup section */

/* Begin PBXNativeTarget section */
		78C8F7CF1907DFDA00B78ABB /* MUUploadManager */ = {
			isa = PBXNativeTarget;
			buildConfigurationList = 78C8F7F31907DFDA00B78ABB /* Build configuration list for PBXNativeTarget "MUUploadManager" */;
			buildPhases = (
				78C8F7CC1907DFDA00B78ABB /* Sources */,
				78C8F7CD1907DFDA00B78ABB /* Frameworks */,
				78C8F7CE1907DFDA00B78ABB /* CopyFiles */,
			);
			buildRules = (
			);
			dependencies = (
			);
			name = MUUploadManager;
			productName = MUUploadManager;
			productReference = 78C8F7D01907DFDA00B78ABB /* libMUUploadManager.a */;
			productType = "com.apple.product-type.library.static";
		};
		78C8F7DF1907DFDA00B78ABB /* MUUploadManagerTests */ = {
			isa = PBXNativeTarget;
			buildConfigurationList = 78C8F7F61907DFDA00B78ABB /* Build configuration list for PBXNativeTarget "MUUploadManagerTests" */;
			buildPhases = (
				78C8F7DC1907DFDA00B78ABB /* Sources */,
				78C8F7DD1907DFDA00B78ABB /* Frameworks */,
				78C8F7DE1907DFDA00B78ABB /* Resources */,
			);
			buildRules = (
			);
			dependencies = (
				78C8F7E71907DFDA00B78ABB /* PBXTargetDependency */,
			);
			name = MUUploadManagerTests;
			productName = MUUploadManagerTests;
			productReference = 78C8F7E01907DFDA00B78ABB /* MUUploadManagerTests.xctest */;
			productType = "com.apple.product-type.bundle.unit-test";
		};
/* End PBXNativeTarget section */

/* Begin PBXProject section */
		78C8F7C81907DFDA00B78ABB /* Project object */ = {
			isa = PBXProject;
			attributes = {
				LastUpgradeCheck = 0510;
				ORGANIZATIONNAME = Sitecore;
			};
			buildConfigurationList = 78C8F7CB1907DFDA00B78ABB /* Build configuration list for PBXProject "MUUploadManager" */;
			compatibilityVersion = "Xcode 3.2";
			developmentRegion = English;
			hasScannedForEncodings = 0;
			knownRegions = (
				en,
			);
			mainGroup = 78C8F7C71907DFDA00B78ABB;
			productRefGroup = 78C8F7D11907DFDA00B78ABB /* Products */;
			projectDirPath = "";
			projectRoot = "";
			targets = (
				78C8F7CF1907DFDA00B78ABB /* MUUploadManager */,
				78C8F7DF1907DFDA00B78ABB /* MUUploadManagerTests */,
			);
		};
/* End PBXProject section */

/* Begin PBXResourcesBuildPhase section */
		78C8F7DE1907DFDA00B78ABB /* Resources */ = {
			isa = PBXResourcesBuildPhase;
			buildActionMask = 2147483647;
			files = (
				78C8F7EE1907DFDA00B78ABB /* InfoPlist.strings in Resources */,
			);
			runOnlyForDeploymentPostprocessing = 0;
		};
/* End PBXResourcesBuildPhase section */

/* Begin PBXSourcesBuildPhase section */
		78C8F7CC1907DFDA00B78ABB /* Sources */ = {
			isa = PBXSourcesBuildPhase;
			buildActionMask = 2147483647;
			files = (
				785088A4190E56A600EBAD3C /* MULocationInfoData.m in Sources */,
				78745EC31907EFD2004353B2 /* MUUploadItemStatus.m in Sources */,
				78745EC71907F001004353B2 /* MUMedia.m in Sources */,
				787F68851907F384000383CC /* MUItemsForUploadManager.mm in Sources */,
				78745ECF1907F04F004353B2 /* MUImageHelper.mm in Sources */,
				789863C3190FB4CB00E38AEA /* MUMedia+Private.m in Sources */,
				78745ECB1907F02A004353B2 /* MUConstants.m in Sources */,
				787F68811907F1B0000383CC /* MUImageScaling.mm in Sources */,
			);
			runOnlyForDeploymentPostprocessing = 0;
		};
		78C8F7DC1907DFDA00B78ABB /* Sources */ = {
			isa = PBXSourcesBuildPhase;
			buildActionMask = 2147483647;
			files = (
				78C8F7F01907DFDA00B78ABB /* MUUploadManagerTests.mm in Sources */,
				78C0C110190F8EEB00E6B9C7 /* MUMediaItemTest.mm in Sources */,
				78745EC41907EFD2004353B2 /* MUUploadItemStatus.m in Sources */,
				787F68861907F384000383CC /* MUItemsForUploadManager.mm in Sources */,
				78745ECC1907F02A004353B2 /* MUConstants.m in Sources */,
				78745EC81907F001004353B2 /* MUMedia.m in Sources */,
				787F68821907F1B0000383CC /* MUImageScaling.mm in Sources */,
				78745ED01907F04F004353B2 /* MUImageHelper.mm in Sources */,
			);
			runOnlyForDeploymentPostprocessing = 0;
		};
/* End PBXSourcesBuildPhase section */

/* Begin PBXTargetDependency section */
		78C8F7E71907DFDA00B78ABB /* PBXTargetDependency */ = {
			isa = PBXTargetDependency;
			target = 78C8F7CF1907DFDA00B78ABB /* MUUploadManager */;
			targetProxy = 78C8F7E61907DFDA00B78ABB /* PBXContainerItemProxy */;
		};
/* End PBXTargetDependency section */

/* Begin PBXVariantGroup section */
		78C8F7EC1907DFDA00B78ABB /* InfoPlist.strings */ = {
			isa = PBXVariantGroup;
			children = (
				78C8F7ED1907DFDA00B78ABB /* en */,
			);
			name = InfoPlist.strings;
			sourceTree = "<group>";
		};
/* End PBXVariantGroup section */

/* Begin XCBuildConfiguration section */
		78C8F7F11907DFDA00B78ABB /* Debug */ = {
			isa = XCBuildConfiguration;
			buildSettings = {
				ALWAYS_SEARCH_USER_PATHS = NO;
				CLANG_ANALYZER_SECURITY_FLOATLOOPCOUNTER = YES;
				CLANG_ANALYZER_SECURITY_INSECUREAPI_RAND = YES;
				CLANG_ANALYZER_SECURITY_INSECUREAPI_STRCPY = YES;
				CLANG_CXX_LANGUAGE_STANDARD = "gnu++0x";
				CLANG_CXX_LIBRARY = "libc++";
				CLANG_ENABLE_MODULES = YES;
				CLANG_ENABLE_OBJC_ARC = YES;
				CLANG_WARN_BOOL_CONVERSION = YES;
				CLANG_WARN_CONSTANT_CONVERSION = YES;
				CLANG_WARN_CXX0X_EXTENSIONS = YES;
				CLANG_WARN_DIRECT_OBJC_ISA_USAGE = YES_ERROR;
				CLANG_WARN_EMPTY_BODY = YES;
				CLANG_WARN_ENUM_CONVERSION = YES;
				CLANG_WARN_IMPLICIT_SIGN_CONVERSION = YES;
				CLANG_WARN_INT_CONVERSION = YES;
				CLANG_WARN_OBJC_IMPLICIT_ATOMIC_PROPERTIES = YES;
				CLANG_WARN_OBJC_ROOT_CLASS = YES_ERROR;
				CLANG_WARN_SUSPICIOUS_IMPLICIT_CONVERSION = YES;
				CLANG_WARN__DUPLICATE_METHOD_MATCH = YES;
				COPY_PHASE_STRIP = NO;
				GCC_C_LANGUAGE_STANDARD = gnu99;
				GCC_DYNAMIC_NO_PIC = NO;
				GCC_OPTIMIZATION_LEVEL = 0;
				GCC_PREPROCESSOR_DEFINITIONS = (
					"DEBUG=1",
					"$(inherited)",
				);
				GCC_SYMBOLS_PRIVATE_EXTERN = NO;
				GCC_TREAT_WARNINGS_AS_ERRORS = YES;
				GCC_WARN_64_TO_32_BIT_CONVERSION = YES;
				GCC_WARN_ABOUT_MISSING_NEWLINE = YES;
				GCC_WARN_ABOUT_RETURN_TYPE = YES_ERROR;
				GCC_WARN_FOUR_CHARACTER_CONSTANTS = YES;
				GCC_WARN_PEDANTIC = NO;
				GCC_WARN_SIGN_COMPARE = YES;
				GCC_WARN_UNDECLARED_SELECTOR = YES;
				GCC_WARN_UNINITIALIZED_AUTOS = YES_AGGRESSIVE;
				GCC_WARN_UNUSED_FUNCTION = YES;
				GCC_WARN_UNUSED_VARIABLE = YES;
				HEADER_SEARCH_PATHS = .;
				IPHONEOS_DEPLOYMENT_TARGET = 7.0;
				ONLY_ACTIVE_ARCH = NO;
				OTHER_LDFLAGS = "-ObjC";
				SDKROOT = iphoneos;
			};
			name = Debug;
		};
		78C8F7F21907DFDA00B78ABB /* Release */ = {
			isa = XCBuildConfiguration;
			buildSettings = {
				ALWAYS_SEARCH_USER_PATHS = NO;
				CLANG_ANALYZER_SECURITY_FLOATLOOPCOUNTER = YES;
				CLANG_ANALYZER_SECURITY_INSECUREAPI_RAND = YES;
				CLANG_ANALYZER_SECURITY_INSECUREAPI_STRCPY = YES;
				CLANG_CXX_LANGUAGE_STANDARD = "gnu++0x";
				CLANG_CXX_LIBRARY = "libc++";
				CLANG_ENABLE_MODULES = YES;
				CLANG_ENABLE_OBJC_ARC = YES;
				CLANG_WARN_BOOL_CONVERSION = YES;
				CLANG_WARN_CONSTANT_CONVERSION = YES;
				CLANG_WARN_CXX0X_EXTENSIONS = YES;
				CLANG_WARN_DIRECT_OBJC_ISA_USAGE = YES_ERROR;
				CLANG_WARN_EMPTY_BODY = YES;
				CLANG_WARN_ENUM_CONVERSION = YES;
				CLANG_WARN_IMPLICIT_SIGN_CONVERSION = YES;
				CLANG_WARN_INT_CONVERSION = YES;
				CLANG_WARN_OBJC_IMPLICIT_ATOMIC_PROPERTIES = YES;
				CLANG_WARN_OBJC_ROOT_CLASS = YES_ERROR;
				CLANG_WARN_SUSPICIOUS_IMPLICIT_CONVERSION = YES;
				CLANG_WARN__DUPLICATE_METHOD_MATCH = YES;
				COPY_PHASE_STRIP = YES;
				ENABLE_NS_ASSERTIONS = NO;
				GCC_C_LANGUAGE_STANDARD = gnu99;
				GCC_TREAT_WARNINGS_AS_ERRORS = YES;
				GCC_WARN_64_TO_32_BIT_CONVERSION = YES;
				GCC_WARN_ABOUT_MISSING_NEWLINE = YES;
				GCC_WARN_ABOUT_RETURN_TYPE = YES_ERROR;
				GCC_WARN_FOUR_CHARACTER_CONSTANTS = YES;
				GCC_WARN_PEDANTIC = NO;
				GCC_WARN_SIGN_COMPARE = YES;
				GCC_WARN_UNDECLARED_SELECTOR = YES;
				GCC_WARN_UNINITIALIZED_AUTOS = YES_AGGRESSIVE;
				GCC_WARN_UNUSED_FUNCTION = YES;
				GCC_WARN_UNUSED_VARIABLE = YES;
				HEADER_SEARCH_PATHS = .;
				IPHONEOS_DEPLOYMENT_TARGET = 7.0;
				ONLY_ACTIVE_ARCH = NO;
				OTHER_LDFLAGS = "-ObjC";
				SDKROOT = iphoneos;
				VALIDATE_PRODUCT = YES;
			};
			name = Release;
		};
		78C8F7F41907DFDA00B78ABB /* Debug */ = {
			isa = XCBuildConfiguration;
			buildSettings = {
				DSTROOT = /tmp/MUUploadManager.dst;
				GCC_PRECOMPILE_PREFIX_HEADER = YES;
				GCC_PREFIX_HEADER = "MUUploadManager/MUUploadManager-Prefix.pch";
				PRODUCT_NAME = "$(TARGET_NAME)";
				SKIP_INSTALL = YES;
			};
			name = Debug;
		};
		78C8F7F51907DFDA00B78ABB /* Release */ = {
			isa = XCBuildConfiguration;
			buildSettings = {
				DSTROOT = /tmp/MUUploadManager.dst;
				GCC_PRECOMPILE_PREFIX_HEADER = YES;
				GCC_PREFIX_HEADER = "MUUploadManager/MUUploadManager-Prefix.pch";
				PRODUCT_NAME = "$(TARGET_NAME)";
				SKIP_INSTALL = YES;
			};
			name = Release;
		};
		78C8F7F71907DFDA00B78ABB /* Debug */ = {
			isa = XCBuildConfiguration;
			buildSettings = {
				FRAMEWORK_SEARCH_PATHS = (
					"$(SDKROOT)/Developer/Library/Frameworks",
					"$(inherited)",
					"$(DEVELOPER_FRAMEWORKS_DIR)",
				);
				GCC_PRECOMPILE_PREFIX_HEADER = YES;
				GCC_PREFIX_HEADER = "MUUploadManager/MUUploadManager-Prefix.pch";
				GCC_PREPROCESSOR_DEFINITIONS = (
					"DEBUG=1",
					"$(inherited)",
				);
				INFOPLIST_FILE = "MUUploadManagerTests/MUUploadManagerTests-Info.plist";
				PRODUCT_NAME = "$(TARGET_NAME)";
				WRAPPER_EXTENSION = xctest;
			};
			name = Debug;
		};
		78C8F7F81907DFDA00B78ABB /* Release */ = {
			isa = XCBuildConfiguration;
			buildSettings = {
				FRAMEWORK_SEARCH_PATHS = (
					"$(SDKROOT)/Developer/Library/Frameworks",
					"$(inherited)",
					"$(DEVELOPER_FRAMEWORKS_DIR)",
				);
				GCC_PRECOMPILE_PREFIX_HEADER = YES;
				GCC_PREFIX_HEADER = "MUUploadManager/MUUploadManager-Prefix.pch";
				INFOPLIST_FILE = "MUUploadManagerTests/MUUploadManagerTests-Info.plist";
				PRODUCT_NAME = "$(TARGET_NAME)";
				WRAPPER_EXTENSION = xctest;
			};
			name = Release;
		};
/* End XCBuildConfiguration section */

/* Begin XCConfigurationList section */
		78C8F7CB1907DFDA00B78ABB /* Build configuration list for PBXProject "MUUploadManager" */ = {
			isa = XCConfigurationList;
			buildConfigurations = (
				78C8F7F11907DFDA00B78ABB /* Debug */,
				78C8F7F21907DFDA00B78ABB /* Release */,
			);
			defaultConfigurationIsVisible = 0;
			defaultConfigurationName = Release;
		};
		78C8F7F31907DFDA00B78ABB /* Build configuration list for PBXNativeTarget "MUUploadManager" */ = {
			isa = XCConfigurationList;
			buildConfigurations = (
				78C8F7F41907DFDA00B78ABB /* Debug */,
				78C8F7F51907DFDA00B78ABB /* Release */,
			);
			defaultConfigurationIsVisible = 0;
			defaultConfigurationName = Release;
		};
		78C8F7F61907DFDA00B78ABB /* Build configuration list for PBXNativeTarget "MUUploadManagerTests" */ = {
			isa = XCConfigurationList;
			buildConfigurations = (
				78C8F7F71907DFDA00B78ABB /* Debug */,
				78C8F7F81907DFDA00B78ABB /* Release */,
			);
			defaultConfigurationIsVisible = 0;
			defaultConfigurationName = Release;
		};
/* End XCConfigurationList section */
	};
	rootObject = 78C8F7C81907DFDA00B78ABB /* Project object */;
}
